
Microsoft Visual Studio Solution File, Format Version 12.00
# Visual Studio Version 16
VisualStudioVersion = 16.0.810.9
MinimumVisualStudioVersion = 10.0.40219.1
Project("{FAE04EC0-301F-11D3-BF4B-00C04F79EFBC}") = "ProkeralaApiClient", "ProkeralaApiClient.csproj", "{87C64A4B-2F9D-4E79-9C6B-B9E4C8A49A68}"
EndProject
Global
	GlobalSection(SolutionConfigurationPlatforms) = preSolution
		Debug|anycpu = Debug|anycpu
		Release|anycpu = Release|anycpu
	EndGlobalSection
	GlobalSection(ProjectConfigurationPlatforms) = postSolution
		{87C64A4B-2F9D-4E79-9C6B-B9E4C8A49A68}.Debug|anycpu.ActiveCfg = Debug|anycpu
		{87C64A4B-2F9D-4E79-9C6B-B9E4C8A49A68}.Debug|anycpu.Build.0 = Debug|anycpu
		{87C64A4B-2F9D-4E79-9C6B-B9E4C8A49A68}.Release|anycpu.ActiveCfg = Release|anycpu
		{87C64A4B-2F9D-4E79-9C6B-B9E4C8A49A68}.Release|anycpu.Build.0 = Release|anycpu
	EndGlobalSection
	GlobalSection(SolutionProperties) = preSolution
		HideSolutionNode = FALSE
	EndGlobalSection
	GlobalSection(ExtensibilityGlobals) = postSolution
		SolutionGuid = {CB8AE4D0-ABA7-42EA-82B8-E579EB206240}
	EndGlobalSection
EndGlobal
